
Microsoft Visual Studio Solution File, Format Version 12.00
# Visual Studio Version 17
VisualStudioVersion = 17.2.32505.173
MinimumVisualStudioVersion = 10.0.40219.1
Project("{FAE04EC0-301F-11D3-BF4B-00C04F79EFBC}") = "DocControl-Server", "DocControl-Server\DocControl-Server.csproj", "{DA200BF0-F08F-429D-9386-EDDBC30EC19F}"
EndProject
Global
	GlobalSection(SolutionConfigurationPlatforms) = preSolution
		Debug|Any CPU = Debug|Any CPU
		Release|Any CPU = Release|Any CPU
	EndGlobalSection
	GlobalSection(ProjectConfigurationPlatforms) = postSolution
		{DA200BF0-F08F-429D-9386-EDDBC30EC19F}.Debug|Any CPU.ActiveCfg = Debug|Any CPU
		{DA200BF0-F08F-429D-9386-EDDBC30EC19F}.Debug|Any CPU.Build.0 = Debug|Any CPU
		{DA200BF0-F08F-429D-9386-EDDBC30EC19F}.Release|Any CPU.ActiveCfg = Release|Any CPU
		{DA200BF0-F08F-429D-9386-EDDBC30EC19F}.Release|Any CPU.Build.0 = Release|Any CPU
	EndGlobalSection
	GlobalSection(SolutionProperties) = preSolution
		HideSolutionNode = FALSE
	EndGlobalSection
	GlobalSection(ExtensibilityGlobals) = postSolution
		SolutionGuid = {86D5C2BA-8E16-4917-84E9-7F194BAFF434}
	EndGlobalSection
EndGlobal
